
Microsoft Visual Studio Solution File, Format Version 12.00
# Visual Studio 15
VisualStudioVersion = 15.0.27428.2037
MinimumVisualStudioVersion = 10.0.40219.1
Project("{FAE04EC0-301F-11D3-BF4B-00C04F79EFBC}") = "SwagCore", "SwagCore\SwagCore.csproj", "{300831D6-7E94-4273-A67F-4D1E1B165C6D}"
EndProject
Global
	GlobalSection(SolutionConfigurationPlatforms) = preSolution
		Debug|Any CPU = Debug|Any CPU
		Release|Any CPU = Release|Any CPU
	EndGlobalSection
	GlobalSection(ProjectConfigurationPlatforms) = postSolution
		{300831D6-7E94-4273-A67F-4D1E1B165C6D}.Debug|Any CPU.ActiveCfg = Debug|Any CPU
		{300831D6-7E94-4273-A67F-4D1E1B165C6D}.Debug|Any CPU.Build.0 = Debug|Any CPU
		{300831D6-7E94-4273-A67F-4D1E1B165C6D}.Release|Any CPU.ActiveCfg = Release|Any CPU
		{300831D6-7E94-4273-A67F-4D1E1B165C6D}.Release|Any CPU.Build.0 = Release|Any CPU
	EndGlobalSection
	GlobalSection(SolutionProperties) = preSolution
		HideSolutionNode = FALSE
	EndGlobalSection
	GlobalSection(ExtensibilityGlobals) = postSolution
		SolutionGuid = {9F0855B0-DF97-4C04-9E17-1CAE45F404A0}
	EndGlobalSection
EndGlobal
